
Microsoft Visual Studio Solution File, Format Version 11.00
# Visual Studio 2010
Project("{8BC9CEB8-8B4A-11D0-8D11-00A0C91BC942}") = "MFC", "MFC\MFC.vcxproj", "{78624D80-C3D0-4614-A8D4-07AC52A1CE89}"
EndProject
Project("{8BC9CEB8-8B4A-11D0-8D11-00A0C91BC942}") = "ATL", "ATL\ATL.vcxproj", "{B1B29F24-779A-46EF-98DF-B45974E54933}"
EndProject
Project("{8BC9CEB8-8B4A-11D0-8D11-00A0C91BC942}") = "Twain", "Twain\Twain.vcxproj", "{AF55EAE4-C9D3-47AA-9218-993EC97A4828}"
EndProject
Project("{8BC9CEB8-8B4A-11D0-8D11-00A0C91BC942}") = "Win32", "Win32\Win32.vcxproj", "{C370B600-71FE-40DD-ADC3-8208ED6B6D70}"
EndProject
Project("{8BC9CEB8-8B4A-11D0-8D11-00A0C91BC942}") = "pugixml", "pugixml\pugixml.vcxproj", "{2B4EC05F-DC1A-49AD-BCEB-2C91101A077A}"
EndProject
Project("{8BC9CEB8-8B4A-11D0-8D11-00A0C91BC942}") = "CPP", "CPP\CPP.vcxproj", "{1B6E1DCA-123A-4403-AB4C-6B6EA70854B6}"
EndProject
Project("{2150E333-8FDC-42A3-9474-1A3956D46DE8}") = "Test", "Test", "{1C773D89-BFE9-4AE1-A0A4-8ED0F7D47B16}"
EndProject
Project("{8BC9CEB8-8B4A-11D0-8D11-00A0C91BC942}") = "CppTest", "Test\CppTest\CppTest.vcxproj", "{837375F1-7767-43BC-A9FF-43CADF3D38A4}"
EndProject
Project("{8BC9CEB8-8B4A-11D0-8D11-00A0C91BC942}") = "DataTreeTest", "Test\DataTreeTest\DataTreeTest.vcxproj", "{D9436169-4F6A-41D3-8726-220F51801A7D}"
EndProject
Project("{8BC9CEB8-8B4A-11D0-8D11-00A0C91BC942}") = "Win32Test", "Test\Win32Test\Win32Test.vcxproj", "{C3CD87F1-5B7B-4AAD-81D7-FEFE9D08859B}"
EndProject
Global
	GlobalSection(SolutionConfigurationPlatforms) = preSolution
		Debug|Win32 = Debug|Win32
		Release|Win32 = Release|Win32
	EndGlobalSection
	GlobalSection(ProjectConfigurationPlatforms) = postSolution
		{78624D80-C3D0-4614-A8D4-07AC52A1CE89}.Debug|Win32.ActiveCfg = Debug|Win32
		{78624D80-C3D0-4614-A8D4-07AC52A1CE89}.Debug|Win32.Build.0 = Debug|Win32
		{78624D80-C3D0-4614-A8D4-07AC52A1CE89}.Release|Win32.ActiveCfg = Release|Win32
		{78624D80-C3D0-4614-A8D4-07AC52A1CE89}.Release|Win32.Build.0 = Release|Win32
		{B1B29F24-779A-46EF-98DF-B45974E54933}.Debug|Win32.ActiveCfg = Debug|Win32
		{B1B29F24-779A-46EF-98DF-B45974E54933}.Debug|Win32.Build.0 = Debug|Win32
		{B1B29F24-779A-46EF-98DF-B45974E54933}.Release|Win32.ActiveCfg = Release|Win32
		{B1B29F24-779A-46EF-98DF-B45974E54933}.Release|Win32.Build.0 = Release|Win32
		{AF55EAE4-C9D3-47AA-9218-993EC97A4828}.Debug|Win32.ActiveCfg = Debug|Win32
		{AF55EAE4-C9D3-47AA-9218-993EC97A4828}.Debug|Win32.Build.0 = Debug|Win32
		{AF55EAE4-C9D3-47AA-9218-993EC97A4828}.Release|Win32.ActiveCfg = Release|Win32
		{AF55EAE4-C9D3-47AA-9218-993EC97A4828}.Release|Win32.Build.0 = Release|Win32
		{C370B600-71FE-40DD-ADC3-8208ED6B6D70}.Debug|Win32.ActiveCfg = Debug|Win32
		{C370B600-71FE-40DD-ADC3-8208ED6B6D70}.Debug|Win32.Build.0 = Debug|Win32
		{C370B600-71FE-40DD-ADC3-8208ED6B6D70}.Release|Win32.ActiveCfg = Release|Win32
		{C370B600-71FE-40DD-ADC3-8208ED6B6D70}.Release|Win32.Build.0 = Release|Win32
		{2B4EC05F-DC1A-49AD-BCEB-2C91101A077A}.Debug|Win32.ActiveCfg = Debug|Win32
		{2B4EC05F-DC1A-49AD-BCEB-2C91101A077A}.Debug|Win32.Build.0 = Debug|Win32
		{2B4EC05F-DC1A-49AD-BCEB-2C91101A077A}.Release|Win32.ActiveCfg = Release|Win32
		{2B4EC05F-DC1A-49AD-BCEB-2C91101A077A}.Release|Win32.Build.0 = Release|Win32
		{1B6E1DCA-123A-4403-AB4C-6B6EA70854B6}.Debug|Win32.ActiveCfg = Debug|Win32
		{1B6E1DCA-123A-4403-AB4C-6B6EA70854B6}.Debug|Win32.Build.0 = Debug|Win32
		{1B6E1DCA-123A-4403-AB4C-6B6EA70854B6}.Release|Win32.ActiveCfg = Release|Win32
		{1B6E1DCA-123A-4403-AB4C-6B6EA70854B6}.Release|Win32.Build.0 = Release|Win32
		{837375F1-7767-43BC-A9FF-43CADF3D38A4}.Debug|Win32.ActiveCfg = Debug|Win32
		{837375F1-7767-43BC-A9FF-43CADF3D38A4}.Debug|Win32.Build.0 = Debug|Win32
		{837375F1-7767-43BC-A9FF-43CADF3D38A4}.Release|Win32.ActiveCfg = Release|Win32
		{837375F1-7767-43BC-A9FF-43CADF3D38A4}.Release|Win32.Build.0 = Release|Win32
		{D9436169-4F6A-41D3-8726-220F51801A7D}.Debug|Win32.ActiveCfg = Debug|Win32
		{D9436169-4F6A-41D3-8726-220F51801A7D}.Debug|Win32.Build.0 = Debug|Win32
		{D9436169-4F6A-41D3-8726-220F51801A7D}.Release|Win32.ActiveCfg = Release|Win32
		{D9436169-4F6A-41D3-8726-220F51801A7D}.Release|Win32.Build.0 = Release|Win32
		{C3CD87F1-5B7B-4AAD-81D7-FEFE9D08859B}.Debug|Win32.ActiveCfg = Debug|Win32
		{C3CD87F1-5B7B-4AAD-81D7-FEFE9D08859B}.Debug|Win32.Build.0 = Debug|Win32
		{C3CD87F1-5B7B-4AAD-81D7-FEFE9D08859B}.Release|Win32.ActiveCfg = Release|Win32
		{C3CD87F1-5B7B-4AAD-81D7-FEFE9D08859B}.Release|Win32.Build.0 = Release|Win32
	EndGlobalSection
	GlobalSection(SolutionProperties) = preSolution
		HideSolutionNode = FALSE
	EndGlobalSection
	GlobalSection(NestedProjects) = preSolution
		{837375F1-7767-43BC-A9FF-43CADF3D38A4} = {1C773D89-BFE9-4AE1-A0A4-8ED0F7D47B16}
		{D9436169-4F6A-41D3-8726-220F51801A7D} = {1C773D89-BFE9-4AE1-A0A4-8ED0F7D47B16}
		{C3CD87F1-5B7B-4AAD-81D7-FEFE9D08859B} = {1C773D89-BFE9-4AE1-A0A4-8ED0F7D47B16}
	EndGlobalSection
EndGlobal
