
Microsoft Visual Studio Solution File, Format Version 10.00
# Visual Studio 2008
Project("{8BC9CEB8-8B4A-11D0-8D11-00A0C91BC942}") = "CPP", "CPP\CPP.vcproj", "{1B6E1DCA-123A-4403-AB4C-6B6EA70854B6}"
EndProject
Project("{8BC9CEB8-8B4A-11D0-8D11-00A0C91BC942}") = "MFC", "MFC\MFC.vcproj", "{78624D80-C3D0-4614-A8D4-07AC52A1CE89}"
EndProject
Project("{8BC9CEB8-8B4A-11D0-8D11-00A0C91BC942}") = "Win32", "Win32\Win32.vcproj", "{C370B600-71FE-40DD-ADC3-8208ED6B6D70}"
EndProject
Project("{8BC9CEB8-8B4A-11D0-8D11-00A0C91BC942}") = "Twain", "Twain\Twain.vcproj", "{AF55EAE4-C9D3-47AA-9218-993EC97A4828}"
EndProject
Project("{8BC9CEB8-8B4A-11D0-8D11-00A0C91BC942}") = "ATL", "ATL\ATL.vcproj", "{B1B29F24-779A-46EF-98DF-B45974E54933}"
EndProject
Global
	GlobalSection(SolutionConfigurationPlatforms) = preSolution
		Debug|Win32 = Debug|Win32
		Release|Win32 = Release|Win32
	EndGlobalSection
	GlobalSection(ProjectConfigurationPlatforms) = postSolution
		{1B6E1DCA-123A-4403-AB4C-6B6EA70854B6}.Debug|Win32.ActiveCfg = Debug|Win32
		{1B6E1DCA-123A-4403-AB4C-6B6EA70854B6}.Debug|Win32.Build.0 = Debug|Win32
		{1B6E1DCA-123A-4403-AB4C-6B6EA70854B6}.Release|Win32.ActiveCfg = Release|Win32
		{1B6E1DCA-123A-4403-AB4C-6B6EA70854B6}.Release|Win32.Build.0 = Release|Win32
		{78624D80-C3D0-4614-A8D4-07AC52A1CE89}.Debug|Win32.ActiveCfg = Debug|Win32
		{78624D80-C3D0-4614-A8D4-07AC52A1CE89}.Debug|Win32.Build.0 = Debug|Win32
		{78624D80-C3D0-4614-A8D4-07AC52A1CE89}.Release|Win32.ActiveCfg = Release|Win32
		{78624D80-C3D0-4614-A8D4-07AC52A1CE89}.Release|Win32.Build.0 = Release|Win32
		{C370B600-71FE-40DD-ADC3-8208ED6B6D70}.Debug|Win32.ActiveCfg = Debug|Win32
		{C370B600-71FE-40DD-ADC3-8208ED6B6D70}.Debug|Win32.Build.0 = Debug|Win32
		{C370B600-71FE-40DD-ADC3-8208ED6B6D70}.Release|Win32.ActiveCfg = Release|Win32
		{C370B600-71FE-40DD-ADC3-8208ED6B6D70}.Release|Win32.Build.0 = Release|Win32
		{AF55EAE4-C9D3-47AA-9218-993EC97A4828}.Debug|Win32.ActiveCfg = Debug|Win32
		{AF55EAE4-C9D3-47AA-9218-993EC97A4828}.Debug|Win32.Build.0 = Debug|Win32
		{AF55EAE4-C9D3-47AA-9218-993EC97A4828}.Release|Win32.ActiveCfg = Release|Win32
		{AF55EAE4-C9D3-47AA-9218-993EC97A4828}.Release|Win32.Build.0 = Release|Win32
		{B1B29F24-779A-46EF-98DF-B45974E54933}.Debug|Win32.ActiveCfg = Debug|Win32
		{B1B29F24-779A-46EF-98DF-B45974E54933}.Debug|Win32.Build.0 = Debug|Win32
		{B1B29F24-779A-46EF-98DF-B45974E54933}.Release|Win32.ActiveCfg = Release|Win32
		{B1B29F24-779A-46EF-98DF-B45974E54933}.Release|Win32.Build.0 = Release|Win32
	EndGlobalSection
	GlobalSection(SolutionProperties) = preSolution
		HideSolutionNode = FALSE
	EndGlobalSection
EndGlobal
