
Microsoft Visual Studio Solution File, Format Version 10.00
# Visual Studio 2008
Project("{8BC9CEB8-8B4A-11D0-8D11-00A0C91BC942}") = "DBModule1.0", "DBModule1.0\DBModule1.0.vcproj", "{5163FC8C-8B79-4B9C-A7EF-A6D5650601CC}"
EndProject
Global
	GlobalSection(SolutionConfigurationPlatforms) = preSolution
		Debug|Win32 = Debug|Win32
		Release|Win32 = Release|Win32
	EndGlobalSection
	GlobalSection(ProjectConfigurationPlatforms) = postSolution
		{5163FC8C-8B79-4B9C-A7EF-A6D5650601CC}.Debug|Win32.ActiveCfg = Debug|Win32
		{5163FC8C-8B79-4B9C-A7EF-A6D5650601CC}.Debug|Win32.Build.0 = Debug|Win32
		{5163FC8C-8B79-4B9C-A7EF-A6D5650601CC}.Release|Win32.ActiveCfg = Release|Win32
		{5163FC8C-8B79-4B9C-A7EF-A6D5650601CC}.Release|Win32.Build.0 = Release|Win32
	EndGlobalSection
	GlobalSection(SolutionProperties) = preSolution
		HideSolutionNode = FALSE
	EndGlobalSection
EndGlobal
