
Microsoft Visual Studio Solution File, Format Version 10.00
# Visual Studio 2008
Project("{8BC9CEB8-8B4A-11D0-8D11-00A0C91BC942}") = "Dwarves", "Dwarves\Dwarves.vcproj", "{7461330B-84DF-4597-95DB-749D9BBD0506}"
EndProject
Project("{8BC9CEB8-8B4A-11D0-8D11-00A0C91BC942}") = "DBModule1.0", "..\DBModuleSolution\DBModule1.0\DBModule1.0.vcproj", "{5163FC8C-8B79-4B9C-A7EF-A6D5650601CC}"
EndProject
Project("{8BC9CEB8-8B4A-11D0-8D11-00A0C91BC942}") = "GridCtrl", "..\WinCtrlSolution\GridCtrl\GridCtrl.vcproj", "{E024DD40-C04B-498F-8222-9DD2F5611113}"
EndProject
Project("{8BC9CEB8-8B4A-11D0-8D11-00A0C91BC942}") = "LocalPlayerDB", "LocalPlayerDB\LocalPlayerDB.vcproj", "{AD46613E-8712-4401-BC76-FF80409BB21C}"
EndProject
Global
	GlobalSection(SolutionConfigurationPlatforms) = preSolution
		Debug|Win32 = Debug|Win32
		DebugDLL|Win32 = DebugDLL|Win32
		Release|Win32 = Release|Win32
	EndGlobalSection
	GlobalSection(ProjectConfigurationPlatforms) = postSolution
		{7461330B-84DF-4597-95DB-749D9BBD0506}.Debug|Win32.ActiveCfg = Debug|Win32
		{7461330B-84DF-4597-95DB-749D9BBD0506}.Debug|Win32.Build.0 = Debug|Win32
		{7461330B-84DF-4597-95DB-749D9BBD0506}.DebugDLL|Win32.ActiveCfg = Debug|Win32
		{7461330B-84DF-4597-95DB-749D9BBD0506}.DebugDLL|Win32.Build.0 = Debug|Win32
		{7461330B-84DF-4597-95DB-749D9BBD0506}.Release|Win32.ActiveCfg = Release|Win32
		{7461330B-84DF-4597-95DB-749D9BBD0506}.Release|Win32.Build.0 = Release|Win32
		{5163FC8C-8B79-4B9C-A7EF-A6D5650601CC}.Debug|Win32.ActiveCfg = Debug|Win32
		{5163FC8C-8B79-4B9C-A7EF-A6D5650601CC}.Debug|Win32.Build.0 = Debug|Win32
		{5163FC8C-8B79-4B9C-A7EF-A6D5650601CC}.DebugDLL|Win32.ActiveCfg = Debug|Win32
		{5163FC8C-8B79-4B9C-A7EF-A6D5650601CC}.DebugDLL|Win32.Build.0 = Debug|Win32
		{5163FC8C-8B79-4B9C-A7EF-A6D5650601CC}.Release|Win32.ActiveCfg = Release|Win32
		{5163FC8C-8B79-4B9C-A7EF-A6D5650601CC}.Release|Win32.Build.0 = Release|Win32
		{E024DD40-C04B-498F-8222-9DD2F5611113}.Debug|Win32.ActiveCfg = Debug|Win32
		{E024DD40-C04B-498F-8222-9DD2F5611113}.Debug|Win32.Build.0 = Debug|Win32
		{E024DD40-C04B-498F-8222-9DD2F5611113}.DebugDLL|Win32.ActiveCfg = Debug|Win32
		{E024DD40-C04B-498F-8222-9DD2F5611113}.DebugDLL|Win32.Build.0 = Debug|Win32
		{E024DD40-C04B-498F-8222-9DD2F5611113}.Release|Win32.ActiveCfg = Release|Win32
		{E024DD40-C04B-498F-8222-9DD2F5611113}.Release|Win32.Build.0 = Release|Win32
		{AD46613E-8712-4401-BC76-FF80409BB21C}.Debug|Win32.ActiveCfg = Debug|Win32
		{AD46613E-8712-4401-BC76-FF80409BB21C}.Debug|Win32.Build.0 = Debug|Win32
		{AD46613E-8712-4401-BC76-FF80409BB21C}.DebugDLL|Win32.ActiveCfg = Debug|Win32
		{AD46613E-8712-4401-BC76-FF80409BB21C}.DebugDLL|Win32.Build.0 = Debug|Win32
		{AD46613E-8712-4401-BC76-FF80409BB21C}.Release|Win32.ActiveCfg = Release|Win32
		{AD46613E-8712-4401-BC76-FF80409BB21C}.Release|Win32.Build.0 = Release|Win32
	EndGlobalSection
	GlobalSection(SolutionProperties) = preSolution
		HideSolutionNode = FALSE
	EndGlobalSection
EndGlobal
